
Microsoft Visual Studio Solution File, Format Version 12.00
# Visual Studio Version 16
VisualStudioVersion = 16.0.30309.148
MinimumVisualStudioVersion = 10.0.40219.1
Project("{FAE04EC0-301F-11D3-BF4B-00C04F79EFBC}") = "CentralErros", "CentralErros\CentralErros.csproj", "{6170CCD0-53B7-4474-B002-C9E0B190D3FC}"
EndProject
Global
	GlobalSection(SolutionConfigurationPlatforms) = preSolution
		Debug|Any CPU = Debug|Any CPU
		Release|Any CPU = Release|Any CPU
	EndGlobalSection
	GlobalSection(ProjectConfigurationPlatforms) = postSolution
		{6170CCD0-53B7-4474-B002-C9E0B190D3FC}.Debug|Any CPU.ActiveCfg = Debug|Any CPU
		{6170CCD0-53B7-4474-B002-C9E0B190D3FC}.Debug|Any CPU.Build.0 = Debug|Any CPU
		{6170CCD0-53B7-4474-B002-C9E0B190D3FC}.Release|Any CPU.ActiveCfg = Release|Any CPU
		{6170CCD0-53B7-4474-B002-C9E0B190D3FC}.Release|Any CPU.Build.0 = Release|Any CPU
	EndGlobalSection
	GlobalSection(SolutionProperties) = preSolution
		HideSolutionNode = FALSE
	EndGlobalSection
	GlobalSection(ExtensibilityGlobals) = postSolution
		SolutionGuid = {B36C06B7-AC36-4B8F-80F3-85A0F809CE3F}
	EndGlobalSection
EndGlobal
