
Microsoft Visual Studio Solution File, Format Version 12.00
# Visual Studio Version 16
VisualStudioVersion = 16.0.30309.148
MinimumVisualStudioVersion = 10.0.40219.1
Project("{FAE04EC0-301F-11D3-BF4B-00C04F79EFBC}") = "CentralDeErros", "CentralDeErros\CentralDeErros.csproj", "{88F46147-BEA2-4E33-B407-A1E3B90B7D5A}"
EndProject
Global
	GlobalSection(SolutionConfigurationPlatforms) = preSolution
		Debug|Any CPU = Debug|Any CPU
		Release|Any CPU = Release|Any CPU
	EndGlobalSection
	GlobalSection(ProjectConfigurationPlatforms) = postSolution
		{88F46147-BEA2-4E33-B407-A1E3B90B7D5A}.Debug|Any CPU.ActiveCfg = Debug|Any CPU
		{88F46147-BEA2-4E33-B407-A1E3B90B7D5A}.Debug|Any CPU.Build.0 = Debug|Any CPU
		{88F46147-BEA2-4E33-B407-A1E3B90B7D5A}.Release|Any CPU.ActiveCfg = Release|Any CPU
		{88F46147-BEA2-4E33-B407-A1E3B90B7D5A}.Release|Any CPU.Build.0 = Release|Any CPU
	EndGlobalSection
	GlobalSection(SolutionProperties) = preSolution
		HideSolutionNode = FALSE
	EndGlobalSection
	GlobalSection(ExtensibilityGlobals) = postSolution
		SolutionGuid = {81AE5709-FAB0-47C6-B1BF-12553D6C523D}
	EndGlobalSection
EndGlobal
